
Microsoft Visual Studio Solution File, Format Version 12.00
# Visual Studio 15
VisualStudioVersion = 15.0.27703.2000
MinimumVisualStudioVersion = 10.0.40219.1
Project("{8BC9CEB8-8B4A-11D0-8D11-00A0C91BC942}") = "Check-Writing", "Check-Writing.vcxproj", "{2C39BE36-2458-485E-947B-E8EA37FAAFAA}"
EndProject
Global
	GlobalSection(SolutionConfigurationPlatforms) = preSolution
		Debug|x64 = Debug|x64
		Debug|x86 = Debug|x86
		Release|x64 = Release|x64
		Release|x86 = Release|x86
	EndGlobalSection
	GlobalSection(ProjectConfigurationPlatforms) = postSolution
		{2C39BE36-2458-485E-947B-E8EA37FAAFAA}.Debug|x64.ActiveCfg = Debug|x64
		{2C39BE36-2458-485E-947B-E8EA37FAAFAA}.Debug|x64.Build.0 = Debug|x64
		{2C39BE36-2458-485E-947B-E8EA37FAAFAA}.Debug|x86.ActiveCfg = Debug|Win32
		{2C39BE36-2458-485E-947B-E8EA37FAAFAA}.Debug|x86.Build.0 = Debug|Win32
		{2C39BE36-2458-485E-947B-E8EA37FAAFAA}.Release|x64.ActiveCfg = Release|x64
		{2C39BE36-2458-485E-947B-E8EA37FAAFAA}.Release|x64.Build.0 = Release|x64
		{2C39BE36-2458-485E-947B-E8EA37FAAFAA}.Release|x86.ActiveCfg = Release|Win32
		{2C39BE36-2458-485E-947B-E8EA37FAAFAA}.Release|x86.Build.0 = Release|Win32
	EndGlobalSection
	GlobalSection(SolutionProperties) = preSolution
		HideSolutionNode = FALSE
	EndGlobalSection
	GlobalSection(ExtensibilityGlobals) = postSolution
		SolutionGuid = {1247EB6B-D91B-4B12-BBEE-657982246F17}
	EndGlobalSection
EndGlobal
