
Microsoft Visual Studio Solution File, Format Version 12.00
# Visual Studio 15
VisualStudioVersion = 15.0.27703.2000
MinimumVisualStudioVersion = 10.0.40219.1
Project("{8BC9CEB8-8B4A-11D0-8D11-00A0C91BC942}") = "SimpleLinkedList", "SimpleLinkedList\SimpleLinkedList.vcxproj", "{70A4B296-41BD-40F1-9430-1C66774A7772}"
EndProject
Global
	GlobalSection(SolutionConfigurationPlatforms) = preSolution
		Debug|x64 = Debug|x64
		Debug|x86 = Debug|x86
		Release|x64 = Release|x64
		Release|x86 = Release|x86
	EndGlobalSection
	GlobalSection(ProjectConfigurationPlatforms) = postSolution
		{70A4B296-41BD-40F1-9430-1C66774A7772}.Debug|x64.ActiveCfg = Debug|x64
		{70A4B296-41BD-40F1-9430-1C66774A7772}.Debug|x64.Build.0 = Debug|x64
		{70A4B296-41BD-40F1-9430-1C66774A7772}.Debug|x86.ActiveCfg = Debug|Win32
		{70A4B296-41BD-40F1-9430-1C66774A7772}.Debug|x86.Build.0 = Debug|Win32
		{70A4B296-41BD-40F1-9430-1C66774A7772}.Release|x64.ActiveCfg = Release|x64
		{70A4B296-41BD-40F1-9430-1C66774A7772}.Release|x64.Build.0 = Release|x64
		{70A4B296-41BD-40F1-9430-1C66774A7772}.Release|x86.ActiveCfg = Release|Win32
		{70A4B296-41BD-40F1-9430-1C66774A7772}.Release|x86.Build.0 = Release|Win32
	EndGlobalSection
	GlobalSection(SolutionProperties) = preSolution
		HideSolutionNode = FALSE
	EndGlobalSection
	GlobalSection(ExtensibilityGlobals) = postSolution
		SolutionGuid = {3CF5C43B-F707-4A46-9909-A3F017D3C9C1}
	EndGlobalSection
EndGlobal
