
Microsoft Visual Studio Solution File, Format Version 12.00
# Visual Studio 15
VisualStudioVersion = 15.0.27703.2000
MinimumVisualStudioVersion = 10.0.40219.1
Project("{8BC9CEB8-8B4A-11D0-8D11-00A0C91BC942}") = "Sequence Sum", "Sequence Sum\Sequence Sum.vcxproj", "{693BBDE9-A6A2-4BD1-A204-E78D12C93CCB}"
EndProject
Global
	GlobalSection(SolutionConfigurationPlatforms) = preSolution
		Debug|x64 = Debug|x64
		Debug|x86 = Debug|x86
		Release|x64 = Release|x64
		Release|x86 = Release|x86
	EndGlobalSection
	GlobalSection(ProjectConfigurationPlatforms) = postSolution
		{693BBDE9-A6A2-4BD1-A204-E78D12C93CCB}.Debug|x64.ActiveCfg = Debug|x64
		{693BBDE9-A6A2-4BD1-A204-E78D12C93CCB}.Debug|x64.Build.0 = Debug|x64
		{693BBDE9-A6A2-4BD1-A204-E78D12C93CCB}.Debug|x86.ActiveCfg = Debug|Win32
		{693BBDE9-A6A2-4BD1-A204-E78D12C93CCB}.Debug|x86.Build.0 = Debug|Win32
		{693BBDE9-A6A2-4BD1-A204-E78D12C93CCB}.Release|x64.ActiveCfg = Release|x64
		{693BBDE9-A6A2-4BD1-A204-E78D12C93CCB}.Release|x64.Build.0 = Release|x64
		{693BBDE9-A6A2-4BD1-A204-E78D12C93CCB}.Release|x86.ActiveCfg = Release|Win32
		{693BBDE9-A6A2-4BD1-A204-E78D12C93CCB}.Release|x86.Build.0 = Release|Win32
	EndGlobalSection
	GlobalSection(SolutionProperties) = preSolution
		HideSolutionNode = FALSE
	EndGlobalSection
	GlobalSection(ExtensibilityGlobals) = postSolution
		SolutionGuid = {3394A3B6-1628-4EBB-88D0-CFC2263CBFCD}
	EndGlobalSection
EndGlobal
